
Microsoft Visual Studio Solution File, Format Version 11.00
# Visual C++ Express 2010
Project("{8BC9CEB8-8B4A-11D0-8D11-00A0C91BC942}") = "LinearAlgebra", "LinearAlgebra\LinearAlgebra.vcxproj", "{F3FDAFE8-7DB2-44A0-8817-79189FCF7669}"
EndProject
Global
	GlobalSection(SolutionConfigurationPlatforms) = preSolution
		Debug|Win32 = Debug|Win32
		Release|Win32 = Release|Win32
	EndGlobalSection
	GlobalSection(ProjectConfigurationPlatforms) = postSolution
		{F3FDAFE8-7DB2-44A0-8817-79189FCF7669}.Debug|Win32.ActiveCfg = Debug|Win32
		{F3FDAFE8-7DB2-44A0-8817-79189FCF7669}.Debug|Win32.Build.0 = Debug|Win32
		{F3FDAFE8-7DB2-44A0-8817-79189FCF7669}.Release|Win32.ActiveCfg = Release|Win32
		{F3FDAFE8-7DB2-44A0-8817-79189FCF7669}.Release|Win32.Build.0 = Release|Win32
	EndGlobalSection
	GlobalSection(SolutionProperties) = preSolution
		HideSolutionNode = FALSE
	EndGlobalSection
EndGlobal
